{
  "pins" : [
    {
      "identity" : "simpleoauth2",
      "kind" : "remoteSourceControl",
      "location" : "https://github.com/hadiidbouk/SimpleOAuth2",
      "state" : {
        "revision" : "cdc47994e3c9d9dfb237d4943b7834e00cca0097",
        "version" : "1.0.5"
      }
    }
  ],
  "version" : 2
}
